{
  "lockfileVersion": 1,
  "workspaces": {
    "": {
      "name": "countday-client",
      "dependencies": {
        "@t3-oss/env-core": "^0.12.0",
        "@trpc/client": "^11.1.2",
        "zod": "^3.24.2",
      },
      "devDependencies": {
        "@types/bun": "^1.2.12",
        "typescript": "^5.0.0",
      },
    },
  },
  "packages": {
    "@t3-oss/env-core": ["@t3-oss/env-core@0.12.0", "", { "peerDependencies": { "typescript": ">=5.0.0", "valibot": "^1.0.0-beta.7 || ^1.0.0", "zod": "^3.24.0" }, "optionalPeers": ["typescript", "valibot", "zod"] }, "sha512-lOPj8d9nJJTt81mMuN9GMk8x5veOt7q9m11OSnCBJhwp1QrL/qR+M8Y467ULBSm9SunosryWNbmQQbgoiMgcdw=="],

    "@trpc/client": ["@trpc/client@11.3.1", "", { "peerDependencies": { "@trpc/server": "11.3.1", "typescript": ">=5.7.2" } }, "sha512-UlLsUN7x8qD07FaGzdz/FG3K+kpaYowZkmVZ8R4Nlx1Yj01Kgr1Y+cGjtBdRpd+0l7uVylwDPmHA1OxYE6zHgA=="],

    "@trpc/server": ["@trpc/server@11.3.1", "", { "peerDependencies": { "typescript": ">=5.7.2" } }, "sha512-5Rjigjqwl9ieXL91ebZ1M4FPFXQJ5qipRyZuBoNzvqkq7Qlig+2F4WwLELyiTSNk2bGzdJTXJMKLhRE9Z56D8w=="],

    "@types/bun": ["@types/bun@1.2.15", "", { "dependencies": { "bun-types": "1.2.15" } }, "sha512-U1ljPdBEphF0nw1MIk0hI7kPg7dFdPyM7EenHsp6W5loNHl7zqy6JQf/RKCgnUn2KDzUpkBwHPnEJEjII594bA=="],

    "@types/node": ["@types/node@22.15.30", "", { "dependencies": { "undici-types": "~6.21.0" } }, "sha512-6Q7lr06bEHdlfplU6YRbgG1SFBdlsfNC4/lX+SkhiTs0cpJkOElmWls8PxDFv4yY/xKb8Y6SO0OmSX4wgqTZbA=="],

    "bun-types": ["bun-types@1.2.15", "", { "dependencies": { "@types/node": "*" } }, "sha512-NarRIaS+iOaQU1JPfyKhZm4AsUOrwUOqRNHY0XxI8GI8jYxiLXLcdjYMG9UKS+fwWasc1uw1htV9AX24dD+p4w=="],

    "typescript": ["typescript@5.8.3", "", { "bin": { "tsc": "bin/tsc", "tsserver": "bin/tsserver" } }, "sha512-p1diW6TqL9L07nNxvRMM7hMMw4c5XOo/1ibL4aAIGmSAt9slTE1Xgw5KWuof2uTOvCg9BY7ZRi+GaF+7sfgPeQ=="],

    "undici-types": ["undici-types@6.21.0", "", {}, "sha512-iwDZqg0QAGrg9Rav5H4n0M64c3mkR59cJ6wQp+7C4nI0gsmExaedaYLNO44eT4AtBBwjbTiGPMlt2Md0T9H9JQ=="],

    "zod": ["zod@3.25.56", "", {}, "sha512-rd6eEF3BTNvQnR2e2wwolfTmUTnp70aUTqr0oaGbHifzC3BKJsoV+Gat8vxUMR1hwOKBs6El+qWehrHbCpW6SQ=="],
  }
}
